
Microsoft Visual Studio Solution File, Format Version 12.00
# Visual Studio Version 17
VisualStudioVersion = 17.1.32328.378
MinimumVisualStudioVersion = 10.0.40219.1
Project("{9A19103F-16F7-4668-BE54-9A1E7A4F7556}") = "Prism_MouseEvent_01", "Prism_MouseEvent_01\Prism_MouseEvent_01.csproj", "{8DF8069B-8817-4496-B1AA-3B1E0FC7AE30}"
EndProject
Global
	GlobalSection(SolutionConfigurationPlatforms) = preSolution
		Debug|Any CPU = Debug|Any CPU
		Release|Any CPU = Release|Any CPU
	EndGlobalSection
	GlobalSection(ProjectConfigurationPlatforms) = postSolution
		{8DF8069B-8817-4496-B1AA-3B1E0FC7AE30}.Debug|Any CPU.ActiveCfg = Debug|Any CPU
		{8DF8069B-8817-4496-B1AA-3B1E0FC7AE30}.Debug|Any CPU.Build.0 = Debug|Any CPU
		{8DF8069B-8817-4496-B1AA-3B1E0FC7AE30}.Release|Any CPU.ActiveCfg = Release|Any CPU
		{8DF8069B-8817-4496-B1AA-3B1E0FC7AE30}.Release|Any CPU.Build.0 = Release|Any CPU
	EndGlobalSection
	GlobalSection(SolutionProperties) = preSolution
		HideSolutionNode = FALSE
	EndGlobalSection
	GlobalSection(ExtensibilityGlobals) = postSolution
		SolutionGuid = {14A9DB0B-F3F9-4ED4-9DB4-29302AC6F8E7}
	EndGlobalSection
EndGlobal
